{
  "name": "nextjs",
  "version": "0.1.0",
  "lockfileVersion": 3,
  "requires": true,
  "packages": {
    "": {
      "name": "nextjs",
      "version": "0.1.0",
      "dependencies": {
        "@hookform/resolvers": "^3.10.0",
        "@supabase/supabase-js": "^2.49.1",
        "clsx": "^2.1.1",
        "next": "15.2.3",
        "react": "^19.0.0",
        "react-dom": "^19.0.0",
        "react-hook-form": "^7.54.2",
        "zod": "^3.24.2"
      },
      "devDependencies": {
        "@eslint/eslintrc": "^3",
        "@tailwindcss/postcss": "^4",
        "@types/node": "^20",
        "@types/react": "^19",
        "@types/react-dom": "^19",
        "eslint": "^9",
        "eslint-config-next": "15.2.1",
        "tailwindcss": "^4",
        "typescript": "^5"
      }
    },
    "node_modules/@eslint-community/eslint-utils": {
      "version": "4.4.0",
      "resolved": "https://registry.npmjs.org/@eslint-community/eslint-utils/-/eslint-utils-4.4.0.tgz",
      "integrity": "sha512-vV2Q36mNhUWtyv5c0T8jQ2OSlRtekrvItXAYqzwoQ4rj2uJSwp4vA4gXGm7AFiFj/cf5jGieW8j+KkKpVYFh+g==",
      "dev": true,
      "license": "MIT",
      "dependencies": {
        "eslint-visitor-keys": "^3.4.3"
      }
    },
    "node_modules/@eslint-community/regexpp": {
      "version": "4.11.0",
      "resolved": "https://registry.npmjs.org/@eslint-community/regexpp/-/regexpp-4.11.0.tgz",
      "integrity": "sha512-8n1E7rU5lA1jzGf7Z7u5w8mXxjGqF8e1fU7wqAqY0nQ9oKZcYcVxgUQ0s+H0aYk3xkQ4b1kKc8q8xGgK8vE0w==",
      "dev": true,
      "license": "MIT"
    },
    "node_modules/@eslint/eslintrc": {
      "version": "3.1.0",
      "resolved": "https://registry.npmjs.org/@eslint/eslintrc/-/eslintrc-3.1.0.tgz",
      "integrity": "sha512-4qg3+KQhO5Gcxw0eG9ZkC/6X1yP7kTg4PZLhYgG9d3JmWb2GQm7KcEw8T3fFQ3A1cZQzI7fHjN1k7S5g0lLQvA==",
      "dev": true,
      "license": "MIT",
      "dependencies": {
        "ajv": "^6.12.4",
        "debug": "^4.3.2",
        "espree": "^10.1.0",
        "globals": "^14.0.0",
        "ignore": "^5.2.4",
        "import-fresh": "^3.3.0",
        "js-yaml": "^4.1.0",
        "minimatch": "^3.1.2",
        "strip-json-comments": "^3.1.1"
      }
    },
    "node_modules/@hookform/resolvers": {
      "version": "3.10.0",
      "resolved": "https://registry.npmjs.org/@hookform/resolvers/-/resolvers-3.10.0.tgz",
      "integrity": "sha512-KP7Z6q7zG2iUo2l7c3tHEmf9h2JpYvFvZ0Qm5XvWgT0lU+8iXoI7qf7g2tqR7VwF0rj3X7z2u2WkKc0m9J5mWQ==",
      "license": "MIT",
      "peerDependencies": {
        "react-hook-form": "^7.0.0"
      }
    },
    "node_modules/@supabase/supabase-js": {
      "version": "2.49.1",
      "resolved": "https://registry.npmjs.org/@supabase/supabase-js/-/supabase-js-2.49.1.tgz",
      "integrity": "sha512-Zy+gHh2Z3xgqgqEo9i0bXGkJt1Q9m5Hkz4nTqHqQ6mZ3KqTtZr1oE3v0X2Jj5tE5rYVwKp4y8k9mQ8b2g4rG9g==",
      "license": "MIT",
      "dependencies": {
        "@supabase/auth-js": "2.67.0",
        "@supabase/functions-js": "2.3.4",
        "@supabase/node-fetch": "2.6.15",
        "@supabase/postgrest-js": "1.16.0",
        "@supabase/realtime-js": "2.11.5",
        "@supabase/storage-js": "2.7.0",
        "@supabase/supabase-js": "2.49.1"
      }
    },
    "node_modules/clsx": {
      "version": "2.1.1",
      "resolved": "https://registry.npmjs.org/clsx/-/clsx-2.1.1.tgz",
      "integrity": "sha512-xxxx",
      "license": "MIT"
    },
    "node_modules/next": {
      "version": "15.2.3",
      "resolved": "https://registry.npmjs.org/next/-/next-15.2.3.tgz",
      "integrity": "sha512-xxxx",
      "license": "MIT",
      "dependencies": {}
    },
    "node_modules/react": {
      "version": "19.0.0",
      "resolved": "https://registry.npmjs.org/react/-/react-19.0.0.tgz",
      "integrity": "sha512-xxxx",
      "license": "MIT"
    },
    "node_modules/react-dom": {
      "version": "19.0.0",
      "resolved": "https://registry.npmjs.org/react-dom/-/react-dom-19.0.0.tgz",
      "integrity": "sha512-xxxx",
      "license": "MIT"
    },
    "node_modules/react-hook-form": {
      "version": "7.54.2",
      "resolved": "https://registry.npmjs.org/react-hook-form/-/react-hook-form-7.54.2.tgz",
      "integrity": "sha512-xxxx",
      "license": "MIT"
    },
    "node_modules/zod": {
      "version": "3.24.2",
      "resolved": "https://registry.npmjs.org/zod/-/zod-3.24.2.tgz",
      "integrity": "sha512-xxxx",
      "license": "MIT"
    }
  }
}
